
Microsoft Visual Studio Solution File, Format Version 12.00
# Visual Studio Version 17
VisualStudioVersion = 17.14.36623.8
MinimumVisualStudioVersion = 10.0.40219.1
Project("{FAE04EC0-301F-11D3-BF4B-00C04F79EFBC}") = "NetCoreAI.Project01_ApiDemo", "NetCoreAI.Project01_ApiDemo\NetCoreAI.Project01_ApiDemo.csproj", "{0EDC2563-9630-4329-A9A9-640C5BD09CAA}"
EndProject
Project("{FAE04EC0-301F-11D3-BF4B-00C04F79EFBC}") = "NetCoreAI.Project02_ApiConsumeUI", "NetCoreAI.Project02_ApiConsumeUI\NetCoreAI.Project02_ApiConsumeUI.csproj", "{D831A355-35D8-463F-BC85-CF0E1FD5B182}"
EndProject
Project("{FAE04EC0-301F-11D3-BF4B-00C04F79EFBC}") = "NetCoreAI.Project03_RapidApi", "NetCoreAI.Project03_RapidApi\NetCoreAI.Project03_RapidApi.csproj", "{108CB771-93B8-4C5F-93CD-FAC7E0918E9A}"
EndProject
Project("{FAE04EC0-301F-11D3-BF4B-00C04F79EFBC}") = "NetCoreAI.Project04_ChatAI", "NetCoreAI.Project04_ChatAI\NetCoreAI.Project04_ChatAI.csproj", "{220411F4-B382-40DD-B13D-6D989C38582C}"
EndProject
Project("{FAE04EC0-301F-11D3-BF4B-00C04F79EFBC}") = "NetCoreAI.Project05_AudioTranscriptAI", "NetCoreAI.Project05_AudioTranscriptAI\NetCoreAI.Project05_AudioTranscriptAI.csproj", "{A82F8EED-46AA-45BE-A8D1-0251087FCCE5}"
EndProject
Project("{FAE04EC0-301F-11D3-BF4B-00C04F79EFBC}") = "NetCoreAI.Project06_ImageGenerationAI", "NetCoreAI.Project06_ImageGenerationAI\NetCoreAI.Project06_ImageGenerationAI.csproj", "{D7D3B570-6969-4DD7-9609-BB67DF290950}"
EndProject
Project("{FAE04EC0-301F-11D3-BF4B-00C04F79EFBC}") = "NetCoreAI.Project07_TesseractOCR", "NetCoreAI.Project07_TesseractOCR\NetCoreAI.Project07_TesseractOCR.csproj", "{034D100A-DAFB-4050-BA2F-40DB011E91DD}"
EndProject
Project("{FAE04EC0-301F-11D3-BF4B-00C04F79EFBC}") = "NetCoreAI.Project08_GoogleCloudVisionOCR", "NetCoreAI.Project08_GoogleCloudVisionOCR\NetCoreAI.Project08_GoogleCloudVisionOCR.csproj", "{AA6BC643-D8A6-4061-9436-A2AF61DFD995}"
EndProject
Project("{FAE04EC0-301F-11D3-BF4B-00C04F79EFBC}") = "NetCoreAI.Project09_TranslateAI", "NetCoreAI.Project09_TranslateAI\NetCoreAI.Project09_TranslateAI.csproj", "{84004049-34E0-4F94-89FF-1BFDA27A154B}"
EndProject
Project("{FAE04EC0-301F-11D3-BF4B-00C04F79EFBC}") = "NetCoreAI.Project10_TextToSpeech", "NetCoreAI.Project10_TextToSpeech\NetCoreAI.Project10_TextToSpeech.csproj", "{D04DEBAE-A215-426C-AB49-D3B7D422E0BA}"
EndProject
Project("{FAE04EC0-301F-11D3-BF4B-00C04F79EFBC}") = "NetCoreAI.Project11_GoogleCloudTextToSpeechAI", "NetCoreAI.Project11_GoogleCloudTextToSpeechAI\NetCoreAI.Project11_GoogleCloudTextToSpeechAI.csproj", "{9A203344-C27D-4AC6-85A3-7F732195119A}"
EndProject
Global
	GlobalSection(SolutionConfigurationPlatforms) = preSolution
		Debug|Any CPU = Debug|Any CPU
		Release|Any CPU = Release|Any CPU
	EndGlobalSection
	GlobalSection(ProjectConfigurationPlatforms) = postSolution
		{0EDC2563-9630-4329-A9A9-640C5BD09CAA}.Debug|Any CPU.ActiveCfg = Debug|Any CPU
		{0EDC2563-9630-4329-A9A9-640C5BD09CAA}.Debug|Any CPU.Build.0 = Debug|Any CPU
		{0EDC2563-9630-4329-A9A9-640C5BD09CAA}.Release|Any CPU.ActiveCfg = Release|Any CPU
		{0EDC2563-9630-4329-A9A9-640C5BD09CAA}.Release|Any CPU.Build.0 = Release|Any CPU
		{D831A355-35D8-463F-BC85-CF0E1FD5B182}.Debug|Any CPU.ActiveCfg = Debug|Any CPU
		{D831A355-35D8-463F-BC85-CF0E1FD5B182}.Debug|Any CPU.Build.0 = Debug|Any CPU
		{D831A355-35D8-463F-BC85-CF0E1FD5B182}.Release|Any CPU.ActiveCfg = Release|Any CPU
		{D831A355-35D8-463F-BC85-CF0E1FD5B182}.Release|Any CPU.Build.0 = Release|Any CPU
		{108CB771-93B8-4C5F-93CD-FAC7E0918E9A}.Debug|Any CPU.ActiveCfg = Debug|Any CPU
		{108CB771-93B8-4C5F-93CD-FAC7E0918E9A}.Debug|Any CPU.Build.0 = Debug|Any CPU
		{108CB771-93B8-4C5F-93CD-FAC7E0918E9A}.Release|Any CPU.ActiveCfg = Release|Any CPU
		{108CB771-93B8-4C5F-93CD-FAC7E0918E9A}.Release|Any CPU.Build.0 = Release|Any CPU
		{220411F4-B382-40DD-B13D-6D989C38582C}.Debug|Any CPU.ActiveCfg = Debug|Any CPU
		{220411F4-B382-40DD-B13D-6D989C38582C}.Debug|Any CPU.Build.0 = Debug|Any CPU
		{220411F4-B382-40DD-B13D-6D989C38582C}.Release|Any CPU.ActiveCfg = Release|Any CPU
		{220411F4-B382-40DD-B13D-6D989C38582C}.Release|Any CPU.Build.0 = Release|Any CPU
		{A82F8EED-46AA-45BE-A8D1-0251087FCCE5}.Debug|Any CPU.ActiveCfg = Debug|Any CPU
		{A82F8EED-46AA-45BE-A8D1-0251087FCCE5}.Debug|Any CPU.Build.0 = Debug|Any CPU
		{A82F8EED-46AA-45BE-A8D1-0251087FCCE5}.Release|Any CPU.ActiveCfg = Release|Any CPU
		{A82F8EED-46AA-45BE-A8D1-0251087FCCE5}.Release|Any CPU.Build.0 = Release|Any CPU
		{D7D3B570-6969-4DD7-9609-BB67DF290950}.Debug|Any CPU.ActiveCfg = Debug|Any CPU
		{D7D3B570-6969-4DD7-9609-BB67DF290950}.Debug|Any CPU.Build.0 = Debug|Any CPU
		{D7D3B570-6969-4DD7-9609-BB67DF290950}.Release|Any CPU.ActiveCfg = Release|Any CPU
		{D7D3B570-6969-4DD7-9609-BB67DF290950}.Release|Any CPU.Build.0 = Release|Any CPU
		{034D100A-DAFB-4050-BA2F-40DB011E91DD}.Debug|Any CPU.ActiveCfg = Debug|Any CPU
		{034D100A-DAFB-4050-BA2F-40DB011E91DD}.Debug|Any CPU.Build.0 = Debug|Any CPU
		{034D100A-DAFB-4050-BA2F-40DB011E91DD}.Release|Any CPU.ActiveCfg = Release|Any CPU
		{034D100A-DAFB-4050-BA2F-40DB011E91DD}.Release|Any CPU.Build.0 = Release|Any CPU
		{AA6BC643-D8A6-4061-9436-A2AF61DFD995}.Debug|Any CPU.ActiveCfg = Debug|Any CPU
		{AA6BC643-D8A6-4061-9436-A2AF61DFD995}.Debug|Any CPU.Build.0 = Debug|Any CPU
		{AA6BC643-D8A6-4061-9436-A2AF61DFD995}.Release|Any CPU.ActiveCfg = Release|Any CPU
		{AA6BC643-D8A6-4061-9436-A2AF61DFD995}.Release|Any CPU.Build.0 = Release|Any CPU
		{84004049-34E0-4F94-89FF-1BFDA27A154B}.Debug|Any CPU.ActiveCfg = Debug|Any CPU
		{84004049-34E0-4F94-89FF-1BFDA27A154B}.Debug|Any CPU.Build.0 = Debug|Any CPU
		{84004049-34E0-4F94-89FF-1BFDA27A154B}.Release|Any CPU.ActiveCfg = Release|Any CPU
		{84004049-34E0-4F94-89FF-1BFDA27A154B}.Release|Any CPU.Build.0 = Release|Any CPU
		{D04DEBAE-A215-426C-AB49-D3B7D422E0BA}.Debug|Any CPU.ActiveCfg = Debug|Any CPU
		{D04DEBAE-A215-426C-AB49-D3B7D422E0BA}.Debug|Any CPU.Build.0 = Debug|Any CPU
		{D04DEBAE-A215-426C-AB49-D3B7D422E0BA}.Release|Any CPU.ActiveCfg = Release|Any CPU
		{D04DEBAE-A215-426C-AB49-D3B7D422E0BA}.Release|Any CPU.Build.0 = Release|Any CPU
		{9A203344-C27D-4AC6-85A3-7F732195119A}.Debug|Any CPU.ActiveCfg = Debug|Any CPU
		{9A203344-C27D-4AC6-85A3-7F732195119A}.Debug|Any CPU.Build.0 = Debug|Any CPU
		{9A203344-C27D-4AC6-85A3-7F732195119A}.Release|Any CPU.ActiveCfg = Release|Any CPU
		{9A203344-C27D-4AC6-85A3-7F732195119A}.Release|Any CPU.Build.0 = Release|Any CPU
	EndGlobalSection
	GlobalSection(SolutionProperties) = preSolution
		HideSolutionNode = FALSE
	EndGlobalSection
	GlobalSection(ExtensibilityGlobals) = postSolution
		SolutionGuid = {B2C18365-EB90-46CA-8FEC-FD29BAA41D24}
	EndGlobalSection
EndGlobal
